{
  "name": "mira",
  "version": "1.0.0",
  "lockfileVersion": 1,
  "requires": true,
  "dependencies": {
    "@leonardocabeza/the-movie-db": {
      "version": "3.0.6",
      "resolved": "https://registry.npmjs.org/@leonardocabeza/the-movie-db/-/the-movie-db-3.0.6.tgz",
      "integrity": "sha512-2OAwkefyPQofwsj50TAHjWvpB2/i1232kXOp8zZb0yFjxeKMQrdl2gM5DI4SLnfGN58Oy0eqHp09MQZIarZhmQ==",
      "requires": {
        "cross-fetch": "^3.0.4",
        "query-string": "^6.8.3"
      }
    },
    "ask-sdk-core": {
      "version": "2.7.0",
      "resolved": "https://registry.npmjs.org/ask-sdk-core/-/ask-sdk-core-2.7.0.tgz",
      "integrity": "sha512-XEuoQOH8B+fQqdVRtEeLWtNL46yjKxwIpbXg042ZaCNYwwmJaVmbvmnR5p0UXgKjULqWm1QEXjYL5INQlfrK7w==",
      "dev": true,
      "requires": {
        "ask-sdk-runtime": "^2.7.0"
      }
    },
    "ask-sdk-model": {
      "version": "1.22.0",
      "resolved": "https://registry.npmjs.org/ask-sdk-model/-/ask-sdk-model-1.22.0.tgz",
      "integrity": "sha512-yO3gyrpB76e3BZWifzIvkMY4x7nZqjfBgQQlgVYbhW4+OwzUHkXhzLTq2AEzez0QqSJT3hSETxGqc9QeSDOJcg==",
      "dev": true
    },
    "ask-sdk-runtime": {
      "version": "2.7.0",
      "resolved": "https://registry.npmjs.org/ask-sdk-runtime/-/ask-sdk-runtime-2.7.0.tgz",
      "integrity": "sha512-l2YxzibbTc8Ld5Rpy/Kg3oASiCGKHxgbZnKYrywZStlDPF5tEAGpRBhdtVd+yBSRikl/9fgcetb2wMewtoZF2g==",
      "dev": true
    },
    "cross-fetch": {
      "version": "3.1.5",
      "resolved": "https://registry.npmjs.org/cross-fetch/-/cross-fetch-3.1.5.tgz",
      "integrity": "sha512-lvb1SBsI0Z7GDwmuid+mU3kWVBwTVUbe7S0H52yaaAdQOXq2YktTCZdlAcNKFzE6QtRz0snpw9bNiPeOIkkQvw==",
      "requires": {
        "node-fetch": "2.6.7"
      },
      "dependencies": {
        "node-fetch": {
          "version": "2.6.7",
          "resolved": "https://registry.npmjs.org/node-fetch/-/node-fetch-2.6.7.tgz",
          "integrity": "sha512-ZjMPFEfVx5j+y2yF35Kzx5sF7kDzxuDj6ziH4FFbOp87zKDZNx8yExJIb05OGF4Nlt9IHFIMBkRl41VdvcNdbQ==",
          "requires": {
            "whatwg-url": "^5.0.0"
          }
        }
      }
    },
    "decode-uri-component": {
      "version": "0.2.0",
      "resolved": "https://registry.npmjs.org/decode-uri-component/-/decode-uri-component-0.2.0.tgz",
      "integrity": "sha1-6zkTMzRYd1y4TNGh+uBiEGu4dUU="
    },
    "dotenv": {
      "version": "8.2.0",
      "resolved": "https://registry.npmjs.org/dotenv/-/dotenv-8.2.0.tgz",
      "integrity": "sha512-8sJ78ElpbDJBHNeBzUbUVLsqKdccaa/BXF1uPTw3GrvQTBgrQrtObr2mUrE38vzYd8cEv+m/JBfDLioYcfXoaw=="
    },
    "query-string": {
      "version": "6.8.3",
      "resolved": "https://registry.npmjs.org/query-string/-/query-string-6.8.3.tgz",
      "integrity": "sha512-llcxWccnyaWlODe7A9hRjkvdCKamEKTh+wH8ITdTc3OhchaqUZteiSCX/2ablWHVrkVIe04dntnaZJ7BdyW0lQ==",
      "requires": {
        "decode-uri-component": "^0.2.0",
        "split-on-first": "^1.0.0",
        "strict-uri-encode": "^2.0.0"
      }
    },
    "split-on-first": {
      "version": "1.1.0",
      "resolved": "https://registry.npmjs.org/split-on-first/-/split-on-first-1.1.0.tgz",
      "integrity": "sha512-43ZssAJaMusuKWL8sKUBQXHWOpq8d6CfN/u1p4gUzfJkM05C8rxTmYrkIPTXapZpORA6LkkzcUulJ8FqA7Uudw=="
    },
    "strict-uri-encode": {
      "version": "2.0.0",
      "resolved": "https://registry.npmjs.org/strict-uri-encode/-/strict-uri-encode-2.0.0.tgz",
      "integrity": "sha1-ucczDHBChi9rFC3CdLvMWGbONUY="
    },
    "tr46": {
      "version": "0.0.3",
      "resolved": "https://registry.npmjs.org/tr46/-/tr46-0.0.3.tgz",
      "integrity": "sha512-N3WMsuqV66lT30CrXNbEjx4GEwlow3v6rr4mCcv6prnfwhS01rkgyFdjPNBYd9br7LpXV1+Emh01fHnq2Gdgrw=="
    },
    "webidl-conversions": {
      "version": "3.0.1",
      "resolved": "https://registry.npmjs.org/webidl-conversions/-/webidl-conversions-3.0.1.tgz",
      "integrity": "sha512-2JAn3z8AR6rjK8Sm8orRC0h/bcl/DqL7tRPdGZ4I1CjdF+EaMLmYxBHyXuKL849eucPFhvBoxMsflfOb8kxaeQ=="
    },
    "whatwg-url": {
      "version": "5.0.0",
      "resolved": "https://registry.npmjs.org/whatwg-url/-/whatwg-url-5.0.0.tgz",
      "integrity": "sha512-saE57nupxk6v3HY35+jzBwYa0rKSy0XR8JSxZPwgLr7ys0IBzhGviA1/TUGJLmSVqs8pb9AnvICXEuOHLprYTw==",
      "requires": {
        "tr46": "~0.0.3",
        "webidl-conversions": "^3.0.0"
      }
    }
  }
}
